
Microsoft Visual Studio Solution File, Format Version 12.00
# Visual Studio 15
VisualStudioVersion = 15.0.28010.2026
MinimumVisualStudioVersion = 10.0.40219.1
Project("{FAE04EC0-301F-11D3-BF4B-00C04F79EFBC}") = "AryTreeMaartje", "AryTreeMaartje\AryTreeMaartje.csproj", "{9B481590-592D-40CA-9D72-5A814BE20926}"
EndProject
Project("{FAE04EC0-301F-11D3-BF4B-00C04F79EFBC}") = "Testing", "Testing\Testing.csproj", "{EE0750AF-0F7C-49FD-843A-C2BE925A0E59}"
EndProject
Project("{FAE04EC0-301F-11D3-BF4B-00C04F79EFBC}") = "AryTreeLibMa", "AryTreeLibMa\AryTreeLibMa.csproj", "{D6198340-193D-4B03-9B1B-C08E98F2C7CD}"
EndProject
Global
	GlobalSection(SolutionConfigurationPlatforms) = preSolution
		Debug|Any CPU = Debug|Any CPU
		Release|Any CPU = Release|Any CPU
	EndGlobalSection
	GlobalSection(ProjectConfigurationPlatforms) = postSolution
		{9B481590-592D-40CA-9D72-5A814BE20926}.Debug|Any CPU.ActiveCfg = Debug|Any CPU
		{9B481590-592D-40CA-9D72-5A814BE20926}.Debug|Any CPU.Build.0 = Debug|Any CPU
		{9B481590-592D-40CA-9D72-5A814BE20926}.Release|Any CPU.ActiveCfg = Release|Any CPU
		{9B481590-592D-40CA-9D72-5A814BE20926}.Release|Any CPU.Build.0 = Release|Any CPU
		{EE0750AF-0F7C-49FD-843A-C2BE925A0E59}.Debug|Any CPU.ActiveCfg = Debug|Any CPU
		{EE0750AF-0F7C-49FD-843A-C2BE925A0E59}.Debug|Any CPU.Build.0 = Debug|Any CPU
		{EE0750AF-0F7C-49FD-843A-C2BE925A0E59}.Release|Any CPU.ActiveCfg = Release|Any CPU
		{EE0750AF-0F7C-49FD-843A-C2BE925A0E59}.Release|Any CPU.Build.0 = Release|Any CPU
		{D6198340-193D-4B03-9B1B-C08E98F2C7CD}.Debug|Any CPU.ActiveCfg = Debug|Any CPU
		{D6198340-193D-4B03-9B1B-C08E98F2C7CD}.Debug|Any CPU.Build.0 = Debug|Any CPU
		{D6198340-193D-4B03-9B1B-C08E98F2C7CD}.Release|Any CPU.ActiveCfg = Release|Any CPU
		{D6198340-193D-4B03-9B1B-C08E98F2C7CD}.Release|Any CPU.Build.0 = Release|Any CPU
	EndGlobalSection
	GlobalSection(SolutionProperties) = preSolution
		HideSolutionNode = FALSE
	EndGlobalSection
	GlobalSection(ExtensibilityGlobals) = postSolution
		SolutionGuid = {8D27C388-8967-4BBE-892C-A9C66B5A2637}
	EndGlobalSection
EndGlobal
